<?xml version="1.0" encoding="utf-8"?>
<Project ToolsVersion="4.0" xmlns="http://schemas.microsoft.com/developer/msbuild/2003">
  <ItemGroup>
    <Filter Include="Header Files">
      <UniqueIdentifier>{f42a09eb-0f16-473b-8885-4f875da0c92e}</UniqueIdentifier>
    </Filter>
    <Filter Include="Source Files">
      <UniqueIdentifier>{77fa336b-334c-4f37-bd93-cfdb92a179c0}</UniqueIdentifier>
    </Filter>
    <Filter Include="Header Files\Core">
      <UniqueIdentifier>{b11f69c3-1cb8-4ae0-b0ef-64ab13152072}</UniqueIdentifier>
    </Filter>
    <Filter Include="Header Files\Database">
      <UniqueIdentifier>{8585ecb0-a1a1-4cfa-b091-47a56baae7be}</UniqueIdentifier>
    </Filter>
    <Filter Include="Header Files\Networking">
      <UniqueIdentifier>{1d3851e1-4aaf-453a-89b1-fb920553ba94}</UniqueIdentifier>
    </Filter>
    <Filter Include="Header Files\Skills">
      <UniqueIdentifier>{34303c21-f381-4b2b-9f69-a92847a27240}</UniqueIdentifier>
    </Filter>
    <Filter Include="Source Files\Core">
      <UniqueIdentifier>{bdc5f5fb-6e00-4c4e-aeb0-bd1f5be5346d}</UniqueIdentifier>
    </Filter>
    <Filter Include="Source Files\Database">
      <UniqueIdentifier>{a36a3c38-d0eb-4d8d-aad8-636975f0b977}</UniqueIdentifier>
    </Filter>
    <Filter Include="Source Files\Networking">
      <UniqueIdentifier>{a217de2a-4902-4bd4-a0b5-03f07a5922c5}</UniqueIdentifier>
    </Filter>
    <Filter Include="Source Files\Skills">
      <UniqueIdentifier>{82f764d9-f461-496f-82cd-bd1bb94b0d05}</UniqueIdentifier>
    </Filter>
  </ItemGroup>
  <ItemGroup>
    <ClInclude Include="$(MSBuildThisFileDirectory)..\..\..\include\Array.hpp">
      <Filter>Header Files\Core</Filter>
    </ClInclude>
    <ClInclude Include="$(MSBuildThisFileDirectory)..\..\..\include\CLHCommands.hpp">
      <Filter>Header Files\Core</Filter>
    </ClInclude>
    <ClInclude Include="$(MSBuildThisFileDirectory)..\..\..\include\CommandLineHandler.hpp">
      <Filter>Header Files\Core</Filter>
    </ClInclude>
    <ClInclude Include="$(MSBuildThisFileDirectory)..\..\..\include\File.hpp">
      <Filter>Header Files\Core</Filter>
    </ClInclude>
    <ClInclude Include="$(MSBuildThisFileDirectory)..\..\..\include\ServerCoalition.hpp">
      <Filter>Header Files\Core</Filter>
    </ClInclude>
    <ClInclude Include="$(MSBuildThisFileDirectory)..\..\..\include\SCDatabase.hpp">
      <Filter>Header Files\Database</Filter>
    </ClInclude>
    <ClInclude Include="$(MSBuildThisFileDirectory)..\..\..\include\SCPacket.hpp">
      <Filter>Header Files\Networking</Filter>
    </ClInclude>
    <ClInclude Include="$(MSBuildThisFileDirectory)..\..\..\include\SCSocket.hpp">
      <Filter>Header Files\Networking</Filter>
    </ClInclude>
    <ClInclude Include="$(MSBuildThisFileDirectory)..\..\..\include\SCSocketTCP.hpp">
      <Filter>Header Files\Networking</Filter>
    </ClInclude>
    <ClInclude Include="$(MSBuildThisFileDirectory)..\..\..\include\SCSocketUDP.hpp">
      <Filter>Header Files\Networking</Filter>
    </ClInclude>
    <ClInclude Include="$(MSBuildThisFileDirectory)..\..\..\include\SCSocketWS.hpp">
      <Filter>Header Files\Networking</Filter>
    </ClInclude>
    <ClInclude Include="$(MSBuildThisFileDirectory)..\..\..\include\SCSkill.hpp">
      <Filter>Header Files\Skills</Filter>
    </ClInclude>
    <ClInclude Include="$(MSBuildThisFileDirectory)..\..\..\include\JSON.hpp">
      <Filter>Header Files\Core</Filter>
    </ClInclude>
    <ClInclude Include="C:\Users\Jesse\Documents\Projects\Server Coalition\workspaces\vs2019\vcxproj\..\..\..\include\MixedArray.hpp">
      <Filter>Header Files\Core</Filter>
    </ClInclude>
    <ClInclude Include="$(MSBuildThisFileDirectory)..\..\..\include\HelperFunctions.hpp">
      <Filter>Header Files\Core</Filter>
    </ClInclude>
  </ItemGroup>
  <ItemGroup>
    <ClCompile Include="$(MSBuildThisFileDirectory)..\..\..\source\CommandLineHandler.cpp">
      <Filter>Source Files\Core</Filter>
    </ClCompile>
    <ClCompile Include="$(MSBuildThisFileDirectory)..\..\..\source\SCGlobals.cpp">
      <Filter>Source Files\Core</Filter>
    </ClCompile>
    <ClCompile Include="$(MSBuildThisFileDirectory)..\..\..\source\ServerCoalition.cpp">
      <Filter>Source Files\Core</Filter>
    </ClCompile>
    <ClCompile Include="$(MSBuildThisFileDirectory)..\..\..\source\SCDatabase.cpp">
      <Filter>Source Files\Database</Filter>
    </ClCompile>
    <ClCompile Include="$(MSBuildThisFileDirectory)..\..\..\source\SCSocket.cpp">
      <Filter>Source Files\Networking</Filter>
    </ClCompile>
    <ClCompile Include="$(MSBuildThisFileDirectory)..\..\..\source\SCSkill.cpp">
      <Filter>Source Files\Skills</Filter>
    </ClCompile>
    <ClCompile Include="$(MSBuildThisFileDirectory)..\..\..\source\MixedArray.cpp">
      <Filter>Source Files\Core</Filter>
    </ClCompile>
    <ClCompile Include="$(MSBuildThisFileDirectory)..\..\..\source\JSON.cpp">
      <Filter>Source Files\Core</Filter>
    </ClCompile>
    <ClCompile Include="$(MSBuildThisFileDirectory)..\..\..\source\HelperFunctions.cpp">
      <Filter>Source Files\Core</Filter>
    </ClCompile>
  </ItemGroup>
</Project>